
Microsoft Visual Studio Solution File, Format Version 12.00
# Visual Studio Version 17
VisualStudioVersion = 17.10.35122.118
MinimumVisualStudioVersion = 10.0.40219.1
Project("{9A19103F-16F7-4668-BE54-9A1E7A4F7556}") = "Cleanup.WindowsService", "Cleanup.WindowsService\Cleanup.WindowsService.csproj", "{248D43F9-2F42-4F0E-8FD5-2699E6E71E06}"
EndProject
Project("{54435603-DBB4-11D2-8724-00A0C9A8B90C}") = "Cleanup.WindowsService.Installer", "Cleanup.WindowsService.Installer\Cleanup.WindowsService.Installer.vdproj", "{91F8F48F-C841-43B9-872E-51FADCE9CB01}"
EndProject
Global
	GlobalSection(SolutionConfigurationPlatforms) = preSolution
		Debug|Any CPU = Debug|Any CPU
		Release|Any CPU = Release|Any CPU
	EndGlobalSection
	GlobalSection(ProjectConfigurationPlatforms) = postSolution
		{248D43F9-2F42-4F0E-8FD5-2699E6E71E06}.Debug|Any CPU.ActiveCfg = Debug|Any CPU
		{248D43F9-2F42-4F0E-8FD5-2699E6E71E06}.Debug|Any CPU.Build.0 = Debug|Any CPU
		{248D43F9-2F42-4F0E-8FD5-2699E6E71E06}.Release|Any CPU.ActiveCfg = Release|Any CPU
		{248D43F9-2F42-4F0E-8FD5-2699E6E71E06}.Release|Any CPU.Build.0 = Release|Any CPU
		{91F8F48F-C841-43B9-872E-51FADCE9CB01}.Debug|Any CPU.ActiveCfg = Debug
		{91F8F48F-C841-43B9-872E-51FADCE9CB01}.Release|Any CPU.ActiveCfg = Release
	EndGlobalSection
	GlobalSection(SolutionProperties) = preSolution
		HideSolutionNode = FALSE
	EndGlobalSection
EndGlobal
